
Microsoft Visual Studio Solution File, Format Version 12.00
# Visual Studio 15
VisualStudioVersion = 15.0.28307.572
MinimumVisualStudioVersion = 10.0.40219.1
Project("{FAE04EC0-301F-11D3-BF4B-00C04F79EFBC}") = "ApplePie", "ApplePie\ApplePie.csproj", "{D1CB895A-BCB6-4333-A422-1EB341A005DF}"
EndProject
Global
	GlobalSection(SolutionConfigurationPlatforms) = preSolution
		Debug|Any CPU = Debug|Any CPU
		Release|Any CPU = Release|Any CPU
	EndGlobalSection
	GlobalSection(ProjectConfigurationPlatforms) = postSolution
		{D1CB895A-BCB6-4333-A422-1EB341A005DF}.Debug|Any CPU.ActiveCfg = Debug|Any CPU
		{D1CB895A-BCB6-4333-A422-1EB341A005DF}.Debug|Any CPU.Build.0 = Debug|Any CPU
		{D1CB895A-BCB6-4333-A422-1EB341A005DF}.Release|Any CPU.ActiveCfg = Release|Any CPU
		{D1CB895A-BCB6-4333-A422-1EB341A005DF}.Release|Any CPU.Build.0 = Release|Any CPU
	EndGlobalSection
	GlobalSection(SolutionProperties) = preSolution
		HideSolutionNode = FALSE
	EndGlobalSection
	GlobalSection(ExtensibilityGlobals) = postSolution
		SolutionGuid = {140F1220-FEDF-452A-8C33-2DD8074EE5DD}
	EndGlobalSection
EndGlobal
